
Microsoft Visual Studio Solution File, Format Version 12.00
# Visual Studio Version 17
VisualStudioVersion = 17.7.34003.232
MinimumVisualStudioVersion = 10.0.40219.1
Project("{FAE04EC0-301F-11D3-BF4B-00C04F79EFBC}") = "DEMO-SAR-1", "DEMO-SAR-1.csproj", "{DF566781-969E-4A04-8825-06A227BDF6DC}"
EndProject
Global
	GlobalSection(SolutionConfigurationPlatforms) = preSolution
		Debug|Any CPU = Debug|Any CPU
		Release|Any CPU = Release|Any CPU
	EndGlobalSection
	GlobalSection(ProjectConfigurationPlatforms) = postSolution
		{DF566781-969E-4A04-8825-06A227BDF6DC}.Debug|Any CPU.ActiveCfg = Debug|Any CPU
		{DF566781-969E-4A04-8825-06A227BDF6DC}.Debug|Any CPU.Build.0 = Debug|Any CPU
		{DF566781-969E-4A04-8825-06A227BDF6DC}.Release|Any CPU.ActiveCfg = Release|Any CPU
		{DF566781-969E-4A04-8825-06A227BDF6DC}.Release|Any CPU.Build.0 = Release|Any CPU
	EndGlobalSection
	GlobalSection(SolutionProperties) = preSolution
		HideSolutionNode = FALSE
	EndGlobalSection
	GlobalSection(ExtensibilityGlobals) = postSolution
		SolutionGuid = {DCA0B4DB-13D8-4CA3-B244-C5E68482EE45}
	EndGlobalSection
EndGlobal
